
Microsoft Visual Studio Solution File, Format Version 12.00
# Visual Studio Version 16
VisualStudioVersion = 16.0.31624.102
MinimumVisualStudioVersion = 10.0.40219.1
Project("{9A19103F-16F7-4668-BE54-9A1E7A4F7556}") = "WPF", "WPF\WPF.csproj", "{410C3617-686F-4C5E-9DA8-7B99026BD3F7}"
EndProject
Project("{9A19103F-16F7-4668-BE54-9A1E7A4F7556}") = "ExcelHandler", "ExcelHandler\ExcelHandler.csproj", "{9ED8762D-3A0D-4C4F-89F6-9EBD96E1D828}"
EndProject
Project("{FAE04EC0-301F-11D3-BF4B-00C04F79EFBC}") = "Models", "Models\Models.csproj", "{6D71618F-0F48-4B4E-8C10-B696FE205C50}"
EndProject
Global
	GlobalSection(SolutionConfigurationPlatforms) = preSolution
		Debug|Any CPU = Debug|Any CPU
		Release|Any CPU = Release|Any CPU
	EndGlobalSection
	GlobalSection(ProjectConfigurationPlatforms) = postSolution
		{410C3617-686F-4C5E-9DA8-7B99026BD3F7}.Debug|Any CPU.ActiveCfg = Debug|Any CPU
		{410C3617-686F-4C5E-9DA8-7B99026BD3F7}.Debug|Any CPU.Build.0 = Debug|Any CPU
		{410C3617-686F-4C5E-9DA8-7B99026BD3F7}.Release|Any CPU.ActiveCfg = Release|Any CPU
		{410C3617-686F-4C5E-9DA8-7B99026BD3F7}.Release|Any CPU.Build.0 = Release|Any CPU
		{9ED8762D-3A0D-4C4F-89F6-9EBD96E1D828}.Debug|Any CPU.ActiveCfg = Debug|Any CPU
		{9ED8762D-3A0D-4C4F-89F6-9EBD96E1D828}.Debug|Any CPU.Build.0 = Debug|Any CPU
		{9ED8762D-3A0D-4C4F-89F6-9EBD96E1D828}.Release|Any CPU.ActiveCfg = Release|Any CPU
		{9ED8762D-3A0D-4C4F-89F6-9EBD96E1D828}.Release|Any CPU.Build.0 = Release|Any CPU
		{6D71618F-0F48-4B4E-8C10-B696FE205C50}.Debug|Any CPU.ActiveCfg = Debug|Any CPU
		{6D71618F-0F48-4B4E-8C10-B696FE205C50}.Debug|Any CPU.Build.0 = Debug|Any CPU
		{6D71618F-0F48-4B4E-8C10-B696FE205C50}.Release|Any CPU.ActiveCfg = Release|Any CPU
		{6D71618F-0F48-4B4E-8C10-B696FE205C50}.Release|Any CPU.Build.0 = Release|Any CPU
	EndGlobalSection
	GlobalSection(SolutionProperties) = preSolution
		HideSolutionNode = FALSE
	EndGlobalSection
	GlobalSection(ExtensibilityGlobals) = postSolution
		SolutionGuid = {2439AA57-AE81-4FEB-9BE4-8E0BC4FEDDD9}
	EndGlobalSection
EndGlobal
